
Microsoft Visual Studio Solution File, Format Version 12.00
# Visual Studio Version 17
VisualStudioVersion = 17.9.34728.123
MinimumVisualStudioVersion = 10.0.40219.1
Project("{9A19103F-16F7-4668-BE54-9A1E7A4F7556}") = "WebApplication11", "WebApplication11\WebApplication11.csproj", "{920375BF-2DB6-483F-AB76-878D76998601}"
EndProject
Project("{FAE04EC0-301F-11D3-BF4B-00C04F79EFBC}") = "Console", "Console\Console.csproj", "{A05CCFC2-2FAF-4692-B3F4-3D47673887C1}"
EndProject
Global
	GlobalSection(SolutionConfigurationPlatforms) = preSolution
		Debug|Any CPU = Debug|Any CPU
		Release|Any CPU = Release|Any CPU
	EndGlobalSection
	GlobalSection(ProjectConfigurationPlatforms) = postSolution
		{920375BF-2DB6-483F-AB76-878D76998601}.Debug|Any CPU.ActiveCfg = Debug|Any CPU
		{920375BF-2DB6-483F-AB76-878D76998601}.Debug|Any CPU.Build.0 = Debug|Any CPU
		{920375BF-2DB6-483F-AB76-878D76998601}.Release|Any CPU.ActiveCfg = Release|Any CPU
		{920375BF-2DB6-483F-AB76-878D76998601}.Release|Any CPU.Build.0 = Release|Any CPU
		{A05CCFC2-2FAF-4692-B3F4-3D47673887C1}.Debug|Any CPU.ActiveCfg = Debug|Any CPU
		{A05CCFC2-2FAF-4692-B3F4-3D47673887C1}.Debug|Any CPU.Build.0 = Debug|Any CPU
		{A05CCFC2-2FAF-4692-B3F4-3D47673887C1}.Release|Any CPU.ActiveCfg = Release|Any CPU
		{A05CCFC2-2FAF-4692-B3F4-3D47673887C1}.Release|Any CPU.Build.0 = Release|Any CPU
	EndGlobalSection
	GlobalSection(SolutionProperties) = preSolution
		HideSolutionNode = FALSE
	EndGlobalSection
	GlobalSection(ExtensibilityGlobals) = postSolution
		SolutionGuid = {7605948E-1713-47EB-8A2F-A89AF5D88476}
	EndGlobalSection
EndGlobal
